
Microsoft Visual Studio Solution File, Format Version 12.00
# Visual Studio Version 17
VisualStudioVersion = 17.10.35004.147
MinimumVisualStudioVersion = 10.0.40219.1
Project("{9A19103F-16F7-4668-BE54-9A1E7A4F7556}") = "ConsoleApp.OutputDemos", "ConsoleApp.OutputDemos\ConsoleApp.OutputDemos.csproj", "{65703733-B04D-4E68-9895-1E74109DAABF}"
EndProject
Project("{9A19103F-16F7-4668-BE54-9A1E7A4F7556}") = "ConsoleApp.VariablesDemo", "ConsoleApp.VariablesDemo\ConsoleApp.VariablesDemo.csproj", "{2B5E62A1-1DE7-4EE9-A129-A8D81BD3AE6A}"
EndProject
Project("{9A19103F-16F7-4668-BE54-9A1E7A4F7556}") = "ConsoleApp.UserInputDemos", "ConsoleApp.UserInputDemos\ConsoleApp.UserInputDemos.csproj", "{E1B3D05B-A217-44B7-967F-67770C942AD4}"
EndProject
Project("{9A19103F-16F7-4668-BE54-9A1E7A4F7556}") = "ConsoleApp.OperatorsDemo", "ConsoleApp.OperatorsDemo\ConsoleApp.OperatorsDemo.csproj", "{6C110221-DB00-468A-BA81-F00AF507DF9A}"
EndProject
Project("{9A19103F-16F7-4668-BE54-9A1E7A4F7556}") = "Jobportal", "Jobportal\Jobportal.csproj", "{5D72C75C-47F0-4DE6-9B92-F833A1D92198}"
EndProject
Project("{9A19103F-16F7-4668-BE54-9A1E7A4F7556}") = "ConsoleApp.SwitchStatement", "ConsoleApp.SwitchStatement\ConsoleApp.SwitchStatement.csproj", "{5FA5EB5C-E925-42EF-9940-9C69C741C9AA}"
EndProject
Project("{FAE04EC0-301F-11D3-BF4B-00C04F79EFBC}") = "ConsoleApp.SampleCalculator", "ConsoleApp.SampleCalculator\ConsoleApp.SampleCalculator.csproj", "{D2DEC954-7772-4A77-9E7A-4F70B9F12FC4}"
EndProject
Project("{FAE04EC0-301F-11D3-BF4B-00C04F79EFBC}") = "ConsoleApp.Loops", "ConsoleApp.Loops\ConsoleApp.Loops.csproj", "{30D3E2C4-BE70-4C51-BB1E-97AB9E328CC5}"
EndProject
Global
	GlobalSection(SolutionConfigurationPlatforms) = preSolution
		Debug|Any CPU = Debug|Any CPU
		Release|Any CPU = Release|Any CPU
	EndGlobalSection
	GlobalSection(ProjectConfigurationPlatforms) = postSolution
		{65703733-B04D-4E68-9895-1E74109DAABF}.Debug|Any CPU.ActiveCfg = Debug|Any CPU
		{65703733-B04D-4E68-9895-1E74109DAABF}.Debug|Any CPU.Build.0 = Debug|Any CPU
		{65703733-B04D-4E68-9895-1E74109DAABF}.Release|Any CPU.ActiveCfg = Release|Any CPU
		{65703733-B04D-4E68-9895-1E74109DAABF}.Release|Any CPU.Build.0 = Release|Any CPU
		{2B5E62A1-1DE7-4EE9-A129-A8D81BD3AE6A}.Debug|Any CPU.ActiveCfg = Debug|Any CPU
		{2B5E62A1-1DE7-4EE9-A129-A8D81BD3AE6A}.Debug|Any CPU.Build.0 = Debug|Any CPU
		{2B5E62A1-1DE7-4EE9-A129-A8D81BD3AE6A}.Release|Any CPU.ActiveCfg = Release|Any CPU
		{2B5E62A1-1DE7-4EE9-A129-A8D81BD3AE6A}.Release|Any CPU.Build.0 = Release|Any CPU
		{E1B3D05B-A217-44B7-967F-67770C942AD4}.Debug|Any CPU.ActiveCfg = Debug|Any CPU
		{E1B3D05B-A217-44B7-967F-67770C942AD4}.Debug|Any CPU.Build.0 = Debug|Any CPU
		{E1B3D05B-A217-44B7-967F-67770C942AD4}.Release|Any CPU.ActiveCfg = Release|Any CPU
		{E1B3D05B-A217-44B7-967F-67770C942AD4}.Release|Any CPU.Build.0 = Release|Any CPU
		{6C110221-DB00-468A-BA81-F00AF507DF9A}.Debug|Any CPU.ActiveCfg = Debug|Any CPU
		{6C110221-DB00-468A-BA81-F00AF507DF9A}.Debug|Any CPU.Build.0 = Debug|Any CPU
		{6C110221-DB00-468A-BA81-F00AF507DF9A}.Release|Any CPU.ActiveCfg = Release|Any CPU
		{6C110221-DB00-468A-BA81-F00AF507DF9A}.Release|Any CPU.Build.0 = Release|Any CPU
		{5D72C75C-47F0-4DE6-9B92-F833A1D92198}.Debug|Any CPU.ActiveCfg = Debug|Any CPU
		{5D72C75C-47F0-4DE6-9B92-F833A1D92198}.Debug|Any CPU.Build.0 = Debug|Any CPU
		{5D72C75C-47F0-4DE6-9B92-F833A1D92198}.Release|Any CPU.ActiveCfg = Release|Any CPU
		{5D72C75C-47F0-4DE6-9B92-F833A1D92198}.Release|Any CPU.Build.0 = Release|Any CPU
		{5FA5EB5C-E925-42EF-9940-9C69C741C9AA}.Debug|Any CPU.ActiveCfg = Debug|Any CPU
		{5FA5EB5C-E925-42EF-9940-9C69C741C9AA}.Debug|Any CPU.Build.0 = Debug|Any CPU
		{5FA5EB5C-E925-42EF-9940-9C69C741C9AA}.Release|Any CPU.ActiveCfg = Release|Any CPU
		{5FA5EB5C-E925-42EF-9940-9C69C741C9AA}.Release|Any CPU.Build.0 = Release|Any CPU
		{D2DEC954-7772-4A77-9E7A-4F70B9F12FC4}.Debug|Any CPU.ActiveCfg = Debug|Any CPU
		{D2DEC954-7772-4A77-9E7A-4F70B9F12FC4}.Debug|Any CPU.Build.0 = Debug|Any CPU
		{D2DEC954-7772-4A77-9E7A-4F70B9F12FC4}.Release|Any CPU.ActiveCfg = Release|Any CPU
		{D2DEC954-7772-4A77-9E7A-4F70B9F12FC4}.Release|Any CPU.Build.0 = Release|Any CPU
		{30D3E2C4-BE70-4C51-BB1E-97AB9E328CC5}.Debug|Any CPU.ActiveCfg = Debug|Any CPU
		{30D3E2C4-BE70-4C51-BB1E-97AB9E328CC5}.Debug|Any CPU.Build.0 = Debug|Any CPU
		{30D3E2C4-BE70-4C51-BB1E-97AB9E328CC5}.Release|Any CPU.ActiveCfg = Release|Any CPU
		{30D3E2C4-BE70-4C51-BB1E-97AB9E328CC5}.Release|Any CPU.Build.0 = Release|Any CPU
	EndGlobalSection
	GlobalSection(SolutionProperties) = preSolution
		HideSolutionNode = FALSE
	EndGlobalSection
	GlobalSection(ExtensibilityGlobals) = postSolution
		SolutionGuid = {EAD40AC0-944B-4FD6-B85F-DDAA6AC860E3}
	EndGlobalSection
EndGlobal
